# Released migrations: <revision> <sha256 of the file with LF line endings>.
# Appended by `just bump` (scripts/release.py). A test fails if a listed file changes.
202610071800 e499eafd573c95a88e376ed12d4310056bb7c3c32822e3ff325027443c6ee68d
202610081454 6acbb4fc589e827d4a502f0bf6dd6709e73ee098e021a82a183a59d545ce05ff
202610081650 8cb621591033a12e09926697abf146ac02a30a18f90a4a86fb390b059e13e40b
202610081920 9440f67846e00c46bd5aa2ba2a34358dd6847ee8105c7ab94491d02091b873e3
202610081921 6532bf216f734993506e5afc4276e6d69097202acec251aecf05e3d3214833e0
202610082053 9868f1b734e8489528006b3ad20498f85ea98c2442e053b253379b14a9a0c89b
202610082054 be0ba12ccfd86f82ba52543e90f76361db86c9006e412ef48d6f191460d0424d
202610082055 8dcb83cb99bbb777c963f5a066ae3de44b96081c308d8c20b73e225d02a6d94e
202610082056 1430687c2ee782f514b902e9a0dee639a8bc8fec9a77d80207fd398111f7a009
